
Microsoft Visual Studio Solution File, Format Version 12.00
# Visual Studio 15
VisualStudioVersion = 15.0.27004.2005
MinimumVisualStudioVersion = 10.0.40219.1
Project("{FAE04EC0-301F-11D3-BF4B-00C04F79EFBC}") = "Attestation_2", "Attestation_2\Attestation_2.csproj", "{FBE57971-3D17-449D-8035-7CB7FF2C595D}"
EndProject
Project("{FAE04EC0-301F-11D3-BF4B-00C04F79EFBC}") = "Task_4.13", "Task_4.13\Task_4.13.csproj", "{848C98CB-2A1B-4F0D-8158-8A19BA4210E3}"
EndProject
Project("{FAE04EC0-301F-11D3-BF4B-00C04F79EFBC}") = "Task_6.13", "Task_6.13\Task_6.13.csproj", "{5D9A1EA7-9BD0-4F01-B0F3-92AF1EB0F2B2}"
EndProject
Global
	GlobalSection(SolutionConfigurationPlatforms) = preSolution
		Debug|Any CPU = Debug|Any CPU
		Release|Any CPU = Release|Any CPU
	EndGlobalSection
	GlobalSection(ProjectConfigurationPlatforms) = postSolution
		{FBE57971-3D17-449D-8035-7CB7FF2C595D}.Debug|Any CPU.ActiveCfg = Debug|Any CPU
		{FBE57971-3D17-449D-8035-7CB7FF2C595D}.Debug|Any CPU.Build.0 = Debug|Any CPU
		{FBE57971-3D17-449D-8035-7CB7FF2C595D}.Release|Any CPU.ActiveCfg = Release|Any CPU
		{FBE57971-3D17-449D-8035-7CB7FF2C595D}.Release|Any CPU.Build.0 = Release|Any CPU
		{848C98CB-2A1B-4F0D-8158-8A19BA4210E3}.Debug|Any CPU.ActiveCfg = Debug|Any CPU
		{848C98CB-2A1B-4F0D-8158-8A19BA4210E3}.Debug|Any CPU.Build.0 = Debug|Any CPU
		{848C98CB-2A1B-4F0D-8158-8A19BA4210E3}.Release|Any CPU.ActiveCfg = Release|Any CPU
		{848C98CB-2A1B-4F0D-8158-8A19BA4210E3}.Release|Any CPU.Build.0 = Release|Any CPU
		{5D9A1EA7-9BD0-4F01-B0F3-92AF1EB0F2B2}.Debug|Any CPU.ActiveCfg = Debug|Any CPU
		{5D9A1EA7-9BD0-4F01-B0F3-92AF1EB0F2B2}.Debug|Any CPU.Build.0 = Debug|Any CPU
		{5D9A1EA7-9BD0-4F01-B0F3-92AF1EB0F2B2}.Release|Any CPU.ActiveCfg = Release|Any CPU
		{5D9A1EA7-9BD0-4F01-B0F3-92AF1EB0F2B2}.Release|Any CPU.Build.0 = Release|Any CPU
	EndGlobalSection
	GlobalSection(SolutionProperties) = preSolution
		HideSolutionNode = FALSE
	EndGlobalSection
	GlobalSection(ExtensibilityGlobals) = postSolution
		SolutionGuid = {E0977076-091D-4408-AF1E-D53E536C2E8C}
	EndGlobalSection
EndGlobal
